
Microsoft Visual Studio Solution File, Format Version 12.00
# Visual Studio Version 16
VisualStudioVersion = 16.0.31402.337
MinimumVisualStudioVersion = 10.0.40219.1
Project("{FAE04EC0-301F-11D3-BF4B-00C04F79EFBC}") = "NasimImageEditor", "NasimImageEditor\NasimImageEditor.csproj", "{63B9A126-5A7E-4A9C-BC3F-67E21437D196}"
EndProject
Global
	GlobalSection(SolutionConfigurationPlatforms) = preSolution
		Debug|Any CPU = Debug|Any CPU
		Release|Any CPU = Release|Any CPU
	EndGlobalSection
	GlobalSection(ProjectConfigurationPlatforms) = postSolution
		{63B9A126-5A7E-4A9C-BC3F-67E21437D196}.Debug|Any CPU.ActiveCfg = Debug|Any CPU
		{63B9A126-5A7E-4A9C-BC3F-67E21437D196}.Debug|Any CPU.Build.0 = Debug|Any CPU
		{63B9A126-5A7E-4A9C-BC3F-67E21437D196}.Release|Any CPU.ActiveCfg = Release|Any CPU
		{63B9A126-5A7E-4A9C-BC3F-67E21437D196}.Release|Any CPU.Build.0 = Release|Any CPU
	EndGlobalSection
	GlobalSection(SolutionProperties) = preSolution
		HideSolutionNode = FALSE
	EndGlobalSection
	GlobalSection(ExtensibilityGlobals) = postSolution
		SolutionGuid = {AAEA394C-FE9D-4141-9300-8A541BE7B2BA}
	EndGlobalSection
EndGlobal
